// !$*UTF8*$!
{
	archiveVersion = 1;
	classes = {
	};
	objectVersion = 46;
	objects = {

/* Begin PBXBuildFile section */
		F0AEF4881F73832A006E613F /* AppDelegate.swift in Sources */ = {isa = PBXBuildFile; fileRef = F0AEF4871F73832A006E613F /* AppDelegate.swift */; };
		F0AEF48A1F73832A006E613F /* ViewController.swift in Sources */ = {isa = PBXBuildFile; fileRef = F0AEF4891F73832A006E613F /* ViewController.swift */; };
		F0AEF48D1F73832A006E613F /* Main.storyboard in Resources */ = {isa = PBXBuildFile; fileRef = F0AEF48B1F73832A006E613F /* Main.storyboard */; };
		F0AEF48F1F73832A006E613F /* Assets.xcassets in Resources */ = {isa = PBXBuildFile; fileRef = F0AEF48E1F73832A006E613F /* Assets.xcassets */; };
		F0AEF4921F73832A006E613F /* LaunchScreen.storyboard in Resources */ = {isa = PBXBuildFile; fileRef = F0AEF4901F73832A006E613F /* LaunchScreen.storyboard */; };
		F0AEF49A1F7383B0006E613F /* extensions.swift in Sources */ = {isa = PBXBuildFile; fileRef = F0AEF4991F7383B0006E613F /* extensions.swift */; };
		F0AEF49C1F7383C2006E613F /* FlexView.swift in Sources */ = {isa = PBXBuildFile; fileRef = F0AEF49B1F7383C2006E613F /* FlexView.swift */; };
/* End PBXBuildFile section */

/* Begin PBXFileReference section */
		F01C4683206392C300E21BC1 /* FlexView.playground */ = {isa = PBXFileReference; lastKnownFileType = file.playground; path = FlexView.playground; sourceTree = "<group>"; xcLanguageSpecificationIdentifier = xcode.lang.swift; };
		F0AEF4841F73832A006E613F /* FlexView.app */ = {isa = PBXFileReference; explicitFileType = wrapper.application; includeInIndex = 0; path = FlexView.app; sourceTree = BUILT_PRODUCTS_DIR; };
		F0AEF4871F73832A006E613F /* AppDelegate.swift */ = {isa = PBXFileReference; lastKnownFileType = sourcecode.swift; path = AppDelegate.swift; sourceTree = "<group>"; };
		F0AEF4891F73832A006E613F /* ViewController.swift */ = {isa = PBXFileReference; lastKnownFileType = sourcecode.swift; path = ViewController.swift; sourceTree = "<group>"; };
		F0AEF48C1F73832A006E613F /* Base */ = {isa = PBXFileReference; lastKnownFileType = file.storyboard; name = Base; path = Base.lproj/Main.storyboard; sourceTree = "<group>"; };
		F0AEF48E1F73832A006E613F /* Assets.xcassets */ = {isa = PBXFileReference; lastKnownFileType = folder.assetcatalog; path = Assets.xcassets; sourceTree = "<group>"; };
		F0AEF4911F73832A006E613F /* Base */ = {isa = PBXFileReference; lastKnownFileType = file.storyboard; name = Base; path = Base.lproj/LaunchScreen.storyboard; sourceTree = "<group>"; };
		F0AEF4931F73832A006E613F /* Info.plist */ = {isa = PBXFileReference; lastKnownFileType = text.plist.xml; path = Info.plist; sourceTree = "<group>"; };
		F0AEF4991F7383B0006E613F /* extensions.swift */ = {isa = PBXFileReference; fileEncoding = 4; lastKnownFileType = sourcecode.swift; path = extensions.swift; sourceTree = "<group>"; };
		F0AEF49B1F7383C2006E613F /* FlexView.swift */ = {isa = PBXFileReference; fileEncoding = 4; lastKnownFileType = sourcecode.swift; path = FlexView.swift; sourceTree = "<group>"; };
/* End PBXFileReference section */

/* Begin PBXFrameworksBuildPhase section */
		F0AEF4811F73832A006E613F /* Frameworks */ = {
			isa = PBXFrameworksBuildPhase;
			buildActionMask = 2147483647;
			files = (
			);
			runOnlyForDeploymentPostprocessing = 0;
		};
/* End PBXFrameworksBuildPhase section */

/* Begin PBXGroup section */
		F0AEF47B1F73832A006E613F = {
			isa = PBXGroup;
			children = (
				F0AEF4861F73832A006E613F /* FlexView */,
				F0AEF4851F73832A006E613F /* Products */,
			);
			sourceTree = "<group>";
		};
		F0AEF4851F73832A006E613F /* Products */ = {
			isa = PBXGroup;
			children = (
				F0AEF4841F73832A006E613F /* FlexView.app */,
			);
			name = Products;
			sourceTree = "<group>";
		};
		F0AEF4861F73832A006E613F /* FlexView */ = {
			isa = PBXGroup;
			children = (
				F0AEF49B1F7383C2006E613F /* FlexView.swift */,
				F0AEF4991F7383B0006E613F /* extensions.swift */,
				F01C4683206392C300E21BC1 /* FlexView.playground */,
				F0AEF4871F73832A006E613F /* AppDelegate.swift */,
				F0AEF4891F73832A006E613F /* ViewController.swift */,
				F0AEF48B1F73832A006E613F /* Main.storyboard */,
				F0AEF48E1F73832A006E613F /* Assets.xcassets */,
				F0AEF4901F73832A006E613F /* LaunchScreen.storyboard */,
				F0AEF4931F73832A006E613F /* Info.plist */,
			);
			path = FlexView;
			sourceTree = "<group>";
		};
/* End PBXGroup section */

/* Begin PBXNativeTarget section */
		F0AEF4831F73832A006E613F /* FlexView */ = {
			isa = PBXNativeTarget;
			buildConfigurationList = F0AEF4961F73832A006E613F /* Build configuration list for PBXNativeTarget "FlexView" */;
			buildPhases = (
				F0AEF4801F73832A006E613F /* Sources */,
				F0AEF4811F73832A006E613F /* Frameworks */,
				F0AEF4821F73832A006E613F /* Resources */,
			);
			buildRules = (
			);
			dependencies = (
			);
			name = FlexView;
			productName = FlexView;
			productReference = F0AEF4841F73832A006E613F /* FlexView.app */;
			productType = "com.apple.product-type.application";
		};
/* End PBXNativeTarget section */

/* Begin PBXProject section */
		F0AEF47C1F73832A006E613F /* Project object */ = {
			isa = PBXProject;
			attributes = {
				LastSwiftUpdateCheck = 0830;
				LastUpgradeCheck = 0830;
				ORGANIZATIONNAME = gavinning;
				TargetAttributes = {
					F0AEF4831F73832A006E613F = {
						CreatedOnToolsVersion = 8.3.3;
						DevelopmentTeam = 2288W7ZL47;
						ProvisioningStyle = Automatic;
					};
				};
			};
			buildConfigurationList = F0AEF47F1F73832A006E613F /* Build configuration list for PBXProject "FlexView" */;
			compatibilityVersion = "Xcode 3.2";
			developmentRegion = English;
			hasScannedForEncodings = 0;
			knownRegions = (
				en,
				Base,
			);
			mainGroup = F0AEF47B1F73832A006E613F;
			productRefGroup = F0AEF4851F73832A006E613F /* Products */;
			projectDirPath = "";
			projectRoot = "";
			targets = (
				F0AEF4831F73832A006E613F /* FlexView */,
			);
		};
/* End PBXProject section */

/* Begin PBXResourcesBuildPhase section */
		F0AEF4821F73832A006E613F /* Resources */ = {
			isa = PBXResourcesBuildPhase;
			buildActionMask = 2147483647;
			files = (
				F0AEF4921F73832A006E613F /* LaunchScreen.storyboard in Resources */,
				F0AEF48F1F73832A006E613F /* Assets.xcassets in Resources */,
				F0AEF48D1F73832A006E613F /* Main.storyboard in Resources */,
			);
			runOnlyForDeploymentPostprocessing = 0;
		};
/* End PBXResourcesBuildPhase section */

/* Begin PBXSourcesBuildPhase section */
		F0AEF4801F73832A006E613F /* Sources */ = {
			isa = PBXSourcesBuildPhase;
			buildActionMask = 2147483647;
			files = (
				F0AEF48A1F73832A006E613F /* ViewController.swift in Sources */,
				F0AEF4881F73832A006E613F /* AppDelegate.swift in Sources */,
				F0AEF49A1F7383B0006E613F /* extensions.swift in Sources */,
				F0AEF49C1F7383C2006E613F /* FlexView.swift in Sources */,
			);
			runOnlyForDeploymentPostprocessing = 0;
		};
/* End PBXSourcesBuildPhase section */

/* Begin PBXVariantGroup section */
		F0AEF48B1F73832A006E613F /* Main.storyboard */ = {
			isa = PBXVariantGroup;
			children = (
				F0AEF48C1F73832A006E613F /* Base */,
			);
			name = Main.storyboard;
			sourceTree = "<group>";
		};
		F0AEF4901F73832A006E613F /* LaunchScreen.storyboard */ = {
			isa = PBXVariantGroup;
			children = (
				F0AEF4911F73832A006E613F /* Base */,
			);
			name = LaunchScreen.storyboard;
			sourceTree = "<group>";
		};
/* End PBXVariantGroup section */

/* Begin XCBuildConfiguration section */
		F0AEF4941F73832A006E613F /* Debug */ = {
			isa = XCBuildConfiguration;
			buildSettings = {
				ALWAYS_SEARCH_USER_PATHS = NO;
				CLANG_ANALYZER_NONNULL = YES;
				CLANG_ANALYZER_NUMBER_OBJECT_CONVERSION = YES_AGGRESSIVE;
				CLANG_CXX_LANGUAGE_STANDARD = "gnu++0x";
				CLANG_CXX_LIBRARY = "libc++";
				CLANG_ENABLE_MODULES = YES;
				CLANG_ENABLE_OBJC_ARC = YES;
				CLANG_WARN_BOOL_CONVERSION = YES;
				CLANG_WARN_CONSTANT_CONVERSION = YES;
				CLANG_WARN_DIRECT_OBJC_ISA_USAGE = YES_ERROR;
				CLANG_WARN_DOCUMENTATION_COMMENTS = YES;
				CLANG_WARN_EMPTY_BODY = YES;
				CLANG_WARN_ENUM_CONVERSION = YES;
				CLANG_WARN_INFINITE_RECURSION = YES;
				CLANG_WARN_INT_CONVERSION = YES;
				CLANG_WARN_OBJC_ROOT_CLASS = YES_ERROR;
				CLANG_WARN_SUSPICIOUS_MOVE = YES;
				CLANG_WARN_UNREACHABLE_CODE = YES;
				CLANG_WARN__DUPLICATE_METHOD_MATCH = YES;
				"CODE_SIGN_IDENTITY[sdk=iphoneos*]" = "iPhone Developer";
				COPY_PHASE_STRIP = NO;
				DEBUG_INFORMATION_FORMAT = dwarf;
				ENABLE_STRICT_OBJC_MSGSEND = YES;
				ENABLE_TESTABILITY = YES;
				GCC_C_LANGUAGE_STANDARD = gnu99;
				GCC_DYNAMIC_NO_PIC = NO;
				GCC_NO_COMMON_BLOCKS = YES;
				GCC_OPTIMIZATION_LEVEL = 0;
				GCC_PREPROCESSOR_DEFINITIONS = (
					"DEBUG=1",
					"$(inherited)",
				);
				GCC_WARN_64_TO_32_BIT_CONVERSION = YES;
				GCC_WARN_ABOUT_RETURN_TYPE = YES_ERROR;
				GCC_WARN_UNDECLARED_SELECTOR = YES;
				GCC_WARN_UNINITIALIZED_AUTOS = YES_AGGRESSIVE;
				GCC_WARN_UNUSED_FUNCTION = YES;
				GCC_WARN_UNUSED_VARIABLE = YES;
				IPHONEOS_DEPLOYMENT_TARGET = 10.3;
				MTL_ENABLE_DEBUG_INFO = YES;
				ONLY_ACTIVE_ARCH = YES;
				SDKROOT = iphoneos;
				SWIFT_ACTIVE_COMPILATION_CONDITIONS = DEBUG;
				SWIFT_OPTIMIZATION_LEVEL = "-Onone";
			};
			name = Debug;
		};
		F0AEF4951F73832A006E613F /* Release */ = {
			isa = XCBuildConfiguration;
			buildSettings = {
				ALWAYS_SEARCH_USER_PATHS = NO;
				CLANG_ANALYZER_NONNULL = YES;
				CLANG_ANALYZER_NUMBER_OBJECT_CONVERSION = YES_AGGRESSIVE;
				CLANG_CXX_LANGUAGE_STANDARD = "gnu++0x";
				CLANG_CXX_LIBRARY = "libc++";
				CLANG_ENABLE_MODULES = YES;
				CLANG_ENABLE_OBJC_ARC = YES;
				CLANG_WARN_BOOL_CONVERSION = YES;
				CLANG_WARN_CONSTANT_CONVERSION = YES;
				CLANG_WARN_DIRECT_OBJC_ISA_USAGE = YES_ERROR;
				CLANG_WARN_DOCUMENTATION_COMMENTS = YES;
				CLANG_WARN_EMPTY_BODY = YES;
				CLANG_WARN_ENUM_CONVERSION = YES;
				CLANG_WARN_INFINITE_RECURSION = YES;
				CLANG_WARN_INT_CONVERSION = YES;
				CLANG_WARN_OBJC_ROOT_CLASS = YES_ERROR;
				CLANG_WARN_SUSPICIOUS_MOVE = YES;
				CLANG_WARN_UNREACHABLE_CODE = YES;
				CLANG_WARN__DUPLICATE_METHOD_MATCH = YES;
				"CODE_SIGN_IDENTITY[sdk=iphoneos*]" = "iPhone Developer";
				COPY_PHASE_STRIP = NO;
				DEBUG_INFORMATION_FORMAT = "dwarf-with-dsym";
				ENABLE_NS_ASSERTIONS = NO;
				ENABLE_STRICT_OBJC_MSGSEND = YES;
				GCC_C_LANGUAGE_STANDARD = gnu99;
				GCC_NO_COMMON_BLOCKS = YES;
				GCC_WARN_64_TO_32_BIT_CONVERSION = YES;
				GCC_WARN_ABOUT_RETURN_TYPE = YES_ERROR;
				GCC_WARN_UNDECLARED_SELECTOR = YES;
				GCC_WARN_UNINITIALIZED_AUTOS = YES_AGGRESSIVE;
				GCC_WARN_UNUSED_FUNCTION = YES;
				GCC_WARN_UNUSED_VARIABLE = YES;
				IPHONEOS_DEPLOYMENT_TARGET = 10.3;
				MTL_ENABLE_DEBUG_INFO = NO;
				SDKROOT = iphoneos;
				SWIFT_OPTIMIZATION_LEVEL = "-Owholemodule";
				VALIDATE_PRODUCT = YES;
			};
			name = Release;
		};
		F0AEF4971F73832A006E613F /* Debug */ = {
			isa = XCBuildConfiguration;
			buildSettings = {
				ASSETCATALOG_COMPILER_APPICON_NAME = AppIcon;
				DEVELOPMENT_TEAM = 2288W7ZL47;
				INFOPLIST_FILE = FlexView/Info.plist;
				LD_RUNPATH_SEARCH_PATHS = "$(inherited) @executable_path/Frameworks";
				PRODUCT_BUNDLE_IDENTIFIER = com.gavinining.FlexView;
				PRODUCT_NAME = "$(TARGET_NAME)";
				SWIFT_VERSION = 3.0;
			};
			name = Debug;
		};
		F0AEF4981F73832A006E613F /* Release */ = {
			isa = XCBuildConfiguration;
			buildSettings = {
				ASSETCATALOG_COMPILER_APPICON_NAME = AppIcon;
				DEVELOPMENT_TEAM = 2288W7ZL47;
				INFOPLIST_FILE = FlexView/Info.plist;
				LD_RUNPATH_SEARCH_PATHS = "$(inherited) @executable_path/Frameworks";
				PRODUCT_BUNDLE_IDENTIFIER = com.gavinining.FlexView;
				PRODUCT_NAME = "$(TARGET_NAME)";
				SWIFT_VERSION = 3.0;
			};
			name = Release;
		};
/* End XCBuildConfiguration section */

/* Begin XCConfigurationList section */
		F0AEF47F1F73832A006E613F /* Build configuration list for PBXProject "FlexView" */ = {
			isa = XCConfigurationList;
			buildConfigurations = (
				F0AEF4941F73832A006E613F /* Debug */,
				F0AEF4951F73832A006E613F /* Release */,
			);
			defaultConfigurationIsVisible = 0;
			defaultConfigurationName = Release;
		};
		F0AEF4961F73832A006E613F /* Build configuration list for PBXNativeTarget "FlexView" */ = {
			isa = XCConfigurationList;
			buildConfigurations = (
				F0AEF4971F73832A006E613F /* Debug */,
				F0AEF4981F73832A006E613F /* Release */,
			);
			defaultConfigurationIsVisible = 0;
			defaultConfigurationName = Release;
		};
/* End XCConfigurationList section */
	};
	rootObject = F0AEF47C1F73832A006E613F /* Project object */;
}
